
Microsoft Visual Studio Solution File, Format Version 12.00
# Visual Studio Version 17
VisualStudioVersion = 17.0.31903.59
MinimumVisualStudioVersion = 10.0.40219.1
Project("{2150E333-8FDC-42A3-9474-1A3956D46DE8}") = "Infrastructure", "Infrastructure", "{93A798B8-6AC0-4D5E-90C2-A7A00AEA4FFF}"
EndProject
Project("{2150E333-8FDC-42A3-9474-1A3956D46DE8}") = "Services", "Services", "{9063657F-FB1C-4612-8B97-E3920FF789A4}"
EndProject
Project("{2150E333-8FDC-42A3-9474-1A3956D46DE8}") = "Account", "Account", "{65C2968F-99C0-4A5B-AC2C-E97A23FD810A}"
EndProject
Project("{2150E333-8FDC-42A3-9474-1A3956D46DE8}") = "Transaction", "Transaction", "{9354743A-449E-4257-95FF-A326BC923016}"
EndProject
Project("{2150E333-8FDC-42A3-9474-1A3956D46DE8}") = "Debt", "Debt", "{C047F9BE-62B3-417D-9FDA-C810979462FD}"
EndProject
Project("{2150E333-8FDC-42A3-9474-1A3956D46DE8}") = "Budget", "Budget", "{40ECF852-F407-44B7-B4CA-A78091049646}"
EndProject
Project("{2150E333-8FDC-42A3-9474-1A3956D46DE8}") = "Analysis", "Analysis", "{AFE84CB0-00F0-4C3B-B2BF-1E361BBE036A}"
EndProject
Project("{2150E333-8FDC-42A3-9474-1A3956D46DE8}") = "Notification", "Notification", "{8B698325-CCDD-43AB-AEF0-7A0CB4152BBD}"
EndProject
Project("{2150E333-8FDC-42A3-9474-1A3956D46DE8}") = "Common", "Common", "{14F6524C-DB6C-47CE-9E6A-527C89E7046C}"
EndProject
Project("{6EC3EE1D-3C4E-46DD-8F32-0CC8E7565705}") = "Logging", "Logging\Logging.fsproj", "{D71943F5-7DDF-4163-83E9-AD9CA4E8733B}"
EndProject
Project("{6EC3EE1D-3C4E-46DD-8F32-0CC8E7565705}") = "IdentityAPI", "Identity\IdentityAPI.fsproj", "{03499A14-56B6-47F0-A08E-471F163B61B3}"
EndProject
Project("{6EC3EE1D-3C4E-46DD-8F32-0CC8E7565705}") = "ApiGateway", "ApiGateway\ApiGateway.fsproj", "{1DAE0B93-EF35-485D-983F-12B8B3AFA06F}"
EndProject
Project("{6EC3EE1D-3C4E-46DD-8F32-0CC8E7565705}") = "EventBus", "EventBus\EventBus.fsproj", "{1A08FEB8-0B85-441B-8492-DADBC0AA1F41}"
EndProject
Project("{9A19103F-16F7-4668-BE54-9A1E7A4F7556}") = "AccountAPI", "Account.API\AccountAPI.csproj", "{51CECA5A-21C8-454B-B468-984FE83BD980}"
EndProject
Project("{9A19103F-16F7-4668-BE54-9A1E7A4F7556}") = "AnalysisAPI", "Analysis.API\AnalysisAPI.csproj", "{D075D072-22AB-4CA7-B55F-2D4ED2D521BD}"
EndProject
Project("{9A19103F-16F7-4668-BE54-9A1E7A4F7556}") = "Budget.API", "Budget.API\Budget.API.csproj", "{D9CD0EDD-4AE5-437F-8376-12C9AB596EE5}"
EndProject
Project("{9A19103F-16F7-4668-BE54-9A1E7A4F7556}") = "DebtAPI", "Debt.API\DebtAPI.csproj", "{22D3194D-D4F7-4DFE-BD57-BD7EB4AF206C}"
EndProject
Project("{9A19103F-16F7-4668-BE54-9A1E7A4F7556}") = "Notification.API", "Notification.API\Notification.API.csproj", "{A98518F9-6A8D-4073-A4DB-FCC5812AC142}"
EndProject
Project("{9A19103F-16F7-4668-BE54-9A1E7A4F7556}") = "TransactionAPI", "Transaction.API\TransactionAPI.csproj", "{8BD11B92-E263-4157-8D6D-CE6C82DDF170}"
EndProject
Project("{9A19103F-16F7-4668-BE54-9A1E7A4F7556}") = "AccountApplication", "Account.Application\AccountApplication.csproj", "{D73D1C3D-D491-422A-8F38-064130CE89A3}"
EndProject
Project("{9A19103F-16F7-4668-BE54-9A1E7A4F7556}") = "AccountCore", "Account.Core\AccountCore.csproj", "{9DD99946-2E81-4DD2-B6A9-3AD66582EA73}"
EndProject
Project("{9A19103F-16F7-4668-BE54-9A1E7A4F7556}") = "AnalysisApplication", "Analysis.Application\AnalysisApplication.csproj", "{B76754CE-D810-49A9-BBB4-F6847B4D2EE7}"
EndProject
Project("{9A19103F-16F7-4668-BE54-9A1E7A4F7556}") = "AnalysisCore", "Analysis.Core\AnalysisCore.csproj", "{CD3F6872-D295-46A5-A544-61D94D8127C9}"
EndProject
Project("{9A19103F-16F7-4668-BE54-9A1E7A4F7556}") = "Budget.Application", "Budget.Application\Budget.Application.csproj", "{795B5C97-CE86-4B63-9B6D-24143A2A5996}"
EndProject
Project("{9A19103F-16F7-4668-BE54-9A1E7A4F7556}") = "Budget.Core", "Budget.Core\Budget.Core.csproj", "{C37F5DC3-7559-4A20-9818-3AD3EB36FCC6}"
EndProject
Project("{9A19103F-16F7-4668-BE54-9A1E7A4F7556}") = "DebtApplication", "Debt.Application\DebtApplication.csproj", "{FFE7075F-838D-4EEA-A363-23BBD448F66B}"
EndProject
Project("{9A19103F-16F7-4668-BE54-9A1E7A4F7556}") = "DebtCore", "Debt.Core\DebtCore.csproj", "{B44C6451-8C90-40D1-AFDE-4EFCF7420CA3}"
EndProject
Project("{9A19103F-16F7-4668-BE54-9A1E7A4F7556}") = "Notification.Application", "Notification.Application\Notification.Application.csproj", "{9F84512F-0418-47AF-A4F5-8C741F3A5D8D}"
EndProject
Project("{9A19103F-16F7-4668-BE54-9A1E7A4F7556}") = "Notification.Core", "Notification.Core\Notification.Core.csproj", "{60CC5866-3C64-4324-BD16-6CA1C12CB57E}"
EndProject
Project("{9A19103F-16F7-4668-BE54-9A1E7A4F7556}") = "TransactionApplication", "Transaction.Application\TransactionApplication.csproj", "{CCDCB282-013C-4564-A270-B303A1624034}"
EndProject
Project("{9A19103F-16F7-4668-BE54-9A1E7A4F7556}") = "TransactionCore", "Transaction.Core\TransactionCore.csproj", "{259A1011-2CC4-4FAF-9655-54E2BAFF578D}"
EndProject
Project("{9A19103F-16F7-4668-BE54-9A1E7A4F7556}") = "IdentityCore", "Identity.Core\IdentityCore.csproj", "{1765078A-6595-4A2F-9AE1-32ED85D61C58}"
EndProject
Project("{2150E333-8FDC-42A3-9474-1A3956D46DE8}") = "Identity", "Identity", "{4AB297CD-27B5-4132-A1F4-1795BBB2F4A2}"
EndProject
Project("{9A19103F-16F7-4668-BE54-9A1E7A4F7556}") = "CommonApi", "MyControllerBase\CommonApi.csproj", "{4DEF948A-5171-4246-AC35-311156776DDA}"
EndProject
Project("{9A19103F-16F7-4668-BE54-9A1E7A4F7556}") = "HandlerException", "HandlerException\HandlerException.csproj", "{FDCB1BA6-2760-494C-BD32-AC95D441A631}"
EndProject
Global
	GlobalSection(SolutionConfigurationPlatforms) = preSolution
		Debug|Any CPU = Debug|Any CPU
		Release|Any CPU = Release|Any CPU
	EndGlobalSection
	GlobalSection(ProjectConfigurationPlatforms) = postSolution
		{D71943F5-7DDF-4163-83E9-AD9CA4E8733B}.Debug|Any CPU.ActiveCfg = Debug|Any CPU
		{D71943F5-7DDF-4163-83E9-AD9CA4E8733B}.Debug|Any CPU.Build.0 = Debug|Any CPU
		{D71943F5-7DDF-4163-83E9-AD9CA4E8733B}.Release|Any CPU.ActiveCfg = Release|Any CPU
		{D71943F5-7DDF-4163-83E9-AD9CA4E8733B}.Release|Any CPU.Build.0 = Release|Any CPU
		{03499A14-56B6-47F0-A08E-471F163B61B3}.Debug|Any CPU.ActiveCfg = Debug|Any CPU
		{03499A14-56B6-47F0-A08E-471F163B61B3}.Debug|Any CPU.Build.0 = Debug|Any CPU
		{03499A14-56B6-47F0-A08E-471F163B61B3}.Release|Any CPU.ActiveCfg = Release|Any CPU
		{03499A14-56B6-47F0-A08E-471F163B61B3}.Release|Any CPU.Build.0 = Release|Any CPU
		{1DAE0B93-EF35-485D-983F-12B8B3AFA06F}.Debug|Any CPU.ActiveCfg = Debug|Any CPU
		{1DAE0B93-EF35-485D-983F-12B8B3AFA06F}.Debug|Any CPU.Build.0 = Debug|Any CPU
		{1DAE0B93-EF35-485D-983F-12B8B3AFA06F}.Release|Any CPU.ActiveCfg = Release|Any CPU
		{1DAE0B93-EF35-485D-983F-12B8B3AFA06F}.Release|Any CPU.Build.0 = Release|Any CPU
		{1A08FEB8-0B85-441B-8492-DADBC0AA1F41}.Debug|Any CPU.ActiveCfg = Debug|Any CPU
		{1A08FEB8-0B85-441B-8492-DADBC0AA1F41}.Debug|Any CPU.Build.0 = Debug|Any CPU
		{1A08FEB8-0B85-441B-8492-DADBC0AA1F41}.Release|Any CPU.ActiveCfg = Release|Any CPU
		{1A08FEB8-0B85-441B-8492-DADBC0AA1F41}.Release|Any CPU.Build.0 = Release|Any CPU
		{51CECA5A-21C8-454B-B468-984FE83BD980}.Debug|Any CPU.ActiveCfg = Debug|Any CPU
		{51CECA5A-21C8-454B-B468-984FE83BD980}.Debug|Any CPU.Build.0 = Debug|Any CPU
		{51CECA5A-21C8-454B-B468-984FE83BD980}.Release|Any CPU.ActiveCfg = Release|Any CPU
		{51CECA5A-21C8-454B-B468-984FE83BD980}.Release|Any CPU.Build.0 = Release|Any CPU
		{D075D072-22AB-4CA7-B55F-2D4ED2D521BD}.Debug|Any CPU.ActiveCfg = Debug|Any CPU
		{D075D072-22AB-4CA7-B55F-2D4ED2D521BD}.Debug|Any CPU.Build.0 = Debug|Any CPU
		{D075D072-22AB-4CA7-B55F-2D4ED2D521BD}.Release|Any CPU.ActiveCfg = Release|Any CPU
		{D075D072-22AB-4CA7-B55F-2D4ED2D521BD}.Release|Any CPU.Build.0 = Release|Any CPU
		{D9CD0EDD-4AE5-437F-8376-12C9AB596EE5}.Debug|Any CPU.ActiveCfg = Debug|Any CPU
		{D9CD0EDD-4AE5-437F-8376-12C9AB596EE5}.Debug|Any CPU.Build.0 = Debug|Any CPU
		{D9CD0EDD-4AE5-437F-8376-12C9AB596EE5}.Release|Any CPU.ActiveCfg = Release|Any CPU
		{D9CD0EDD-4AE5-437F-8376-12C9AB596EE5}.Release|Any CPU.Build.0 = Release|Any CPU
		{22D3194D-D4F7-4DFE-BD57-BD7EB4AF206C}.Debug|Any CPU.ActiveCfg = Debug|Any CPU
		{22D3194D-D4F7-4DFE-BD57-BD7EB4AF206C}.Debug|Any CPU.Build.0 = Debug|Any CPU
		{22D3194D-D4F7-4DFE-BD57-BD7EB4AF206C}.Release|Any CPU.ActiveCfg = Release|Any CPU
		{22D3194D-D4F7-4DFE-BD57-BD7EB4AF206C}.Release|Any CPU.Build.0 = Release|Any CPU
		{A98518F9-6A8D-4073-A4DB-FCC5812AC142}.Debug|Any CPU.ActiveCfg = Debug|Any CPU
		{A98518F9-6A8D-4073-A4DB-FCC5812AC142}.Debug|Any CPU.Build.0 = Debug|Any CPU
		{A98518F9-6A8D-4073-A4DB-FCC5812AC142}.Release|Any CPU.ActiveCfg = Release|Any CPU
		{A98518F9-6A8D-4073-A4DB-FCC5812AC142}.Release|Any CPU.Build.0 = Release|Any CPU
		{8BD11B92-E263-4157-8D6D-CE6C82DDF170}.Debug|Any CPU.ActiveCfg = Debug|Any CPU
		{8BD11B92-E263-4157-8D6D-CE6C82DDF170}.Debug|Any CPU.Build.0 = Debug|Any CPU
		{8BD11B92-E263-4157-8D6D-CE6C82DDF170}.Release|Any CPU.ActiveCfg = Release|Any CPU
		{8BD11B92-E263-4157-8D6D-CE6C82DDF170}.Release|Any CPU.Build.0 = Release|Any CPU
		{D73D1C3D-D491-422A-8F38-064130CE89A3}.Debug|Any CPU.ActiveCfg = Debug|Any CPU
		{D73D1C3D-D491-422A-8F38-064130CE89A3}.Debug|Any CPU.Build.0 = Debug|Any CPU
		{D73D1C3D-D491-422A-8F38-064130CE89A3}.Release|Any CPU.ActiveCfg = Release|Any CPU
		{D73D1C3D-D491-422A-8F38-064130CE89A3}.Release|Any CPU.Build.0 = Release|Any CPU
		{9DD99946-2E81-4DD2-B6A9-3AD66582EA73}.Debug|Any CPU.ActiveCfg = Debug|Any CPU
		{9DD99946-2E81-4DD2-B6A9-3AD66582EA73}.Debug|Any CPU.Build.0 = Debug|Any CPU
		{9DD99946-2E81-4DD2-B6A9-3AD66582EA73}.Release|Any CPU.ActiveCfg = Release|Any CPU
		{9DD99946-2E81-4DD2-B6A9-3AD66582EA73}.Release|Any CPU.Build.0 = Release|Any CPU
		{B76754CE-D810-49A9-BBB4-F6847B4D2EE7}.Debug|Any CPU.ActiveCfg = Debug|Any CPU
		{B76754CE-D810-49A9-BBB4-F6847B4D2EE7}.Debug|Any CPU.Build.0 = Debug|Any CPU
		{B76754CE-D810-49A9-BBB4-F6847B4D2EE7}.Release|Any CPU.ActiveCfg = Release|Any CPU
		{B76754CE-D810-49A9-BBB4-F6847B4D2EE7}.Release|Any CPU.Build.0 = Release|Any CPU
		{CD3F6872-D295-46A5-A544-61D94D8127C9}.Debug|Any CPU.ActiveCfg = Debug|Any CPU
		{CD3F6872-D295-46A5-A544-61D94D8127C9}.Debug|Any CPU.Build.0 = Debug|Any CPU
		{CD3F6872-D295-46A5-A544-61D94D8127C9}.Release|Any CPU.ActiveCfg = Release|Any CPU
		{CD3F6872-D295-46A5-A544-61D94D8127C9}.Release|Any CPU.Build.0 = Release|Any CPU
		{795B5C97-CE86-4B63-9B6D-24143A2A5996}.Debug|Any CPU.ActiveCfg = Debug|Any CPU
		{795B5C97-CE86-4B63-9B6D-24143A2A5996}.Debug|Any CPU.Build.0 = Debug|Any CPU
		{795B5C97-CE86-4B63-9B6D-24143A2A5996}.Release|Any CPU.ActiveCfg = Release|Any CPU
		{795B5C97-CE86-4B63-9B6D-24143A2A5996}.Release|Any CPU.Build.0 = Release|Any CPU
		{C37F5DC3-7559-4A20-9818-3AD3EB36FCC6}.Debug|Any CPU.ActiveCfg = Debug|Any CPU
		{C37F5DC3-7559-4A20-9818-3AD3EB36FCC6}.Debug|Any CPU.Build.0 = Debug|Any CPU
		{C37F5DC3-7559-4A20-9818-3AD3EB36FCC6}.Release|Any CPU.ActiveCfg = Release|Any CPU
		{C37F5DC3-7559-4A20-9818-3AD3EB36FCC6}.Release|Any CPU.Build.0 = Release|Any CPU
		{FFE7075F-838D-4EEA-A363-23BBD448F66B}.Debug|Any CPU.ActiveCfg = Debug|Any CPU
		{FFE7075F-838D-4EEA-A363-23BBD448F66B}.Debug|Any CPU.Build.0 = Debug|Any CPU
		{FFE7075F-838D-4EEA-A363-23BBD448F66B}.Release|Any CPU.ActiveCfg = Release|Any CPU
		{FFE7075F-838D-4EEA-A363-23BBD448F66B}.Release|Any CPU.Build.0 = Release|Any CPU
		{B44C6451-8C90-40D1-AFDE-4EFCF7420CA3}.Debug|Any CPU.ActiveCfg = Debug|Any CPU
		{B44C6451-8C90-40D1-AFDE-4EFCF7420CA3}.Debug|Any CPU.Build.0 = Debug|Any CPU
		{B44C6451-8C90-40D1-AFDE-4EFCF7420CA3}.Release|Any CPU.ActiveCfg = Release|Any CPU
		{B44C6451-8C90-40D1-AFDE-4EFCF7420CA3}.Release|Any CPU.Build.0 = Release|Any CPU
		{9F84512F-0418-47AF-A4F5-8C741F3A5D8D}.Debug|Any CPU.ActiveCfg = Debug|Any CPU
		{9F84512F-0418-47AF-A4F5-8C741F3A5D8D}.Debug|Any CPU.Build.0 = Debug|Any CPU
		{9F84512F-0418-47AF-A4F5-8C741F3A5D8D}.Release|Any CPU.ActiveCfg = Release|Any CPU
		{9F84512F-0418-47AF-A4F5-8C741F3A5D8D}.Release|Any CPU.Build.0 = Release|Any CPU
		{60CC5866-3C64-4324-BD16-6CA1C12CB57E}.Debug|Any CPU.ActiveCfg = Debug|Any CPU
		{60CC5866-3C64-4324-BD16-6CA1C12CB57E}.Debug|Any CPU.Build.0 = Debug|Any CPU
		{60CC5866-3C64-4324-BD16-6CA1C12CB57E}.Release|Any CPU.ActiveCfg = Release|Any CPU
		{60CC5866-3C64-4324-BD16-6CA1C12CB57E}.Release|Any CPU.Build.0 = Release|Any CPU
		{CCDCB282-013C-4564-A270-B303A1624034}.Debug|Any CPU.ActiveCfg = Debug|Any CPU
		{CCDCB282-013C-4564-A270-B303A1624034}.Debug|Any CPU.Build.0 = Debug|Any CPU
		{CCDCB282-013C-4564-A270-B303A1624034}.Release|Any CPU.ActiveCfg = Release|Any CPU
		{CCDCB282-013C-4564-A270-B303A1624034}.Release|Any CPU.Build.0 = Release|Any CPU
		{259A1011-2CC4-4FAF-9655-54E2BAFF578D}.Debug|Any CPU.ActiveCfg = Debug|Any CPU
		{259A1011-2CC4-4FAF-9655-54E2BAFF578D}.Debug|Any CPU.Build.0 = Debug|Any CPU
		{259A1011-2CC4-4FAF-9655-54E2BAFF578D}.Release|Any CPU.ActiveCfg = Release|Any CPU
		{259A1011-2CC4-4FAF-9655-54E2BAFF578D}.Release|Any CPU.Build.0 = Release|Any CPU
		{1765078A-6595-4A2F-9AE1-32ED85D61C58}.Debug|Any CPU.ActiveCfg = Debug|Any CPU
		{1765078A-6595-4A2F-9AE1-32ED85D61C58}.Debug|Any CPU.Build.0 = Debug|Any CPU
		{1765078A-6595-4A2F-9AE1-32ED85D61C58}.Release|Any CPU.ActiveCfg = Release|Any CPU
		{1765078A-6595-4A2F-9AE1-32ED85D61C58}.Release|Any CPU.Build.0 = Release|Any CPU
		{4DEF948A-5171-4246-AC35-311156776DDA}.Debug|Any CPU.ActiveCfg = Debug|Any CPU
		{4DEF948A-5171-4246-AC35-311156776DDA}.Debug|Any CPU.Build.0 = Debug|Any CPU
		{4DEF948A-5171-4246-AC35-311156776DDA}.Release|Any CPU.ActiveCfg = Release|Any CPU
		{4DEF948A-5171-4246-AC35-311156776DDA}.Release|Any CPU.Build.0 = Release|Any CPU
		{FDCB1BA6-2760-494C-BD32-AC95D441A631}.Debug|Any CPU.ActiveCfg = Debug|Any CPU
		{FDCB1BA6-2760-494C-BD32-AC95D441A631}.Debug|Any CPU.Build.0 = Debug|Any CPU
		{FDCB1BA6-2760-494C-BD32-AC95D441A631}.Release|Any CPU.ActiveCfg = Release|Any CPU
		{FDCB1BA6-2760-494C-BD32-AC95D441A631}.Release|Any CPU.Build.0 = Release|Any CPU
	EndGlobalSection
	GlobalSection(SolutionProperties) = preSolution
		HideSolutionNode = FALSE
	EndGlobalSection
	GlobalSection(NestedProjects) = preSolution
		{65C2968F-99C0-4A5B-AC2C-E97A23FD810A} = {9063657F-FB1C-4612-8B97-E3920FF789A4}
		{9354743A-449E-4257-95FF-A326BC923016} = {9063657F-FB1C-4612-8B97-E3920FF789A4}
		{C047F9BE-62B3-417D-9FDA-C810979462FD} = {9063657F-FB1C-4612-8B97-E3920FF789A4}
		{40ECF852-F407-44B7-B4CA-A78091049646} = {9063657F-FB1C-4612-8B97-E3920FF789A4}
		{AFE84CB0-00F0-4C3B-B2BF-1E361BBE036A} = {9063657F-FB1C-4612-8B97-E3920FF789A4}
		{8B698325-CCDD-43AB-AEF0-7A0CB4152BBD} = {9063657F-FB1C-4612-8B97-E3920FF789A4}
		{D71943F5-7DDF-4163-83E9-AD9CA4E8733B} = {14F6524C-DB6C-47CE-9E6A-527C89E7046C}
		{03499A14-56B6-47F0-A08E-471F163B61B3} = {4AB297CD-27B5-4132-A1F4-1795BBB2F4A2}
		{1DAE0B93-EF35-485D-983F-12B8B3AFA06F} = {93A798B8-6AC0-4D5E-90C2-A7A00AEA4FFF}
		{1A08FEB8-0B85-441B-8492-DADBC0AA1F41} = {93A798B8-6AC0-4D5E-90C2-A7A00AEA4FFF}
		{51CECA5A-21C8-454B-B468-984FE83BD980} = {65C2968F-99C0-4A5B-AC2C-E97A23FD810A}
		{D075D072-22AB-4CA7-B55F-2D4ED2D521BD} = {AFE84CB0-00F0-4C3B-B2BF-1E361BBE036A}
		{D9CD0EDD-4AE5-437F-8376-12C9AB596EE5} = {40ECF852-F407-44B7-B4CA-A78091049646}
		{22D3194D-D4F7-4DFE-BD57-BD7EB4AF206C} = {C047F9BE-62B3-417D-9FDA-C810979462FD}
		{A98518F9-6A8D-4073-A4DB-FCC5812AC142} = {8B698325-CCDD-43AB-AEF0-7A0CB4152BBD}
		{8BD11B92-E263-4157-8D6D-CE6C82DDF170} = {9354743A-449E-4257-95FF-A326BC923016}
		{D73D1C3D-D491-422A-8F38-064130CE89A3} = {65C2968F-99C0-4A5B-AC2C-E97A23FD810A}
		{9DD99946-2E81-4DD2-B6A9-3AD66582EA73} = {65C2968F-99C0-4A5B-AC2C-E97A23FD810A}
		{B76754CE-D810-49A9-BBB4-F6847B4D2EE7} = {AFE84CB0-00F0-4C3B-B2BF-1E361BBE036A}
		{CD3F6872-D295-46A5-A544-61D94D8127C9} = {AFE84CB0-00F0-4C3B-B2BF-1E361BBE036A}
		{795B5C97-CE86-4B63-9B6D-24143A2A5996} = {40ECF852-F407-44B7-B4CA-A78091049646}
		{C37F5DC3-7559-4A20-9818-3AD3EB36FCC6} = {40ECF852-F407-44B7-B4CA-A78091049646}
		{FFE7075F-838D-4EEA-A363-23BBD448F66B} = {C047F9BE-62B3-417D-9FDA-C810979462FD}
		{B44C6451-8C90-40D1-AFDE-4EFCF7420CA3} = {C047F9BE-62B3-417D-9FDA-C810979462FD}
		{9F84512F-0418-47AF-A4F5-8C741F3A5D8D} = {8B698325-CCDD-43AB-AEF0-7A0CB4152BBD}
		{60CC5866-3C64-4324-BD16-6CA1C12CB57E} = {8B698325-CCDD-43AB-AEF0-7A0CB4152BBD}
		{CCDCB282-013C-4564-A270-B303A1624034} = {9354743A-449E-4257-95FF-A326BC923016}
		{259A1011-2CC4-4FAF-9655-54E2BAFF578D} = {9354743A-449E-4257-95FF-A326BC923016}
		{1765078A-6595-4A2F-9AE1-32ED85D61C58} = {4AB297CD-27B5-4132-A1F4-1795BBB2F4A2}
		{4AB297CD-27B5-4132-A1F4-1795BBB2F4A2} = {93A798B8-6AC0-4D5E-90C2-A7A00AEA4FFF}
		{4DEF948A-5171-4246-AC35-311156776DDA} = {14F6524C-DB6C-47CE-9E6A-527C89E7046C}
		{FDCB1BA6-2760-494C-BD32-AC95D441A631} = {14F6524C-DB6C-47CE-9E6A-527C89E7046C}
	EndGlobalSection
	GlobalSection(ExtensibilityGlobals) = postSolution
		SolutionGuid = {3614800E-BB71-46D8-90A3-AA1452C7E48C}
	EndGlobalSection
EndGlobal
